
Microsoft Visual Studio Solution File, Format Version 12.00
# Visual Studio Version 16
VisualStudioVersion = 16.0.30621.155
MinimumVisualStudioVersion = 10.0.40219.1
Project("{FAE04EC0-301F-11D3-BF4B-00C04F79EFBC}") = "ProvaConhecimento.Stefanini.Web", "ProvaConhecimento.Stefanini.Web\ProvaConhecimento.Stefanini.Web.csproj", "{C898990D-EC89-4A6E-8690-3CCEBDE2E35D}"
EndProject
Global
	GlobalSection(SolutionConfigurationPlatforms) = preSolution
		Debug|Any CPU = Debug|Any CPU
		Release|Any CPU = Release|Any CPU
	EndGlobalSection
	GlobalSection(ProjectConfigurationPlatforms) = postSolution
		{C898990D-EC89-4A6E-8690-3CCEBDE2E35D}.Debug|Any CPU.ActiveCfg = Debug|Any CPU
		{C898990D-EC89-4A6E-8690-3CCEBDE2E35D}.Debug|Any CPU.Build.0 = Debug|Any CPU
		{C898990D-EC89-4A6E-8690-3CCEBDE2E35D}.Release|Any CPU.ActiveCfg = Release|Any CPU
		{C898990D-EC89-4A6E-8690-3CCEBDE2E35D}.Release|Any CPU.Build.0 = Release|Any CPU
	EndGlobalSection
	GlobalSection(SolutionProperties) = preSolution
		HideSolutionNode = FALSE
	EndGlobalSection
	GlobalSection(ExtensibilityGlobals) = postSolution
		SolutionGuid = {C531DA4C-A28A-4B54-8A04-572E1F590CE5}
	EndGlobalSection
EndGlobal
